#MicroXplorer Configuration settings - do not modify
ADC1.Channel-0\#ChannelRegularConversion=ADC_CHANNEL_0
ADC1.ExternalTrigConv=ADC_EXTERNALTRIGCONV_T2_CC2
ADC1.IPParameters=Rank-0\#ChannelRegularConversion,Channel-0\#ChannelRegularConversion,SamplingTime-0\#ChannelRegularConversion,NbrOfConversionFlag,ExternalTrigConv,master
ADC1.NbrOfConversionFlag=1
ADC1.Rank-0\#ChannelRegularConversion=1
ADC1.SamplingTime-0\#ChannelRegularConversion=ADC_SAMPLETIME_7CYCLES_5
ADC1.master=1
Dma.ADC1.0.Direction=DMA_PERIPH_TO_MEMORY
Dma.ADC1.0.Instance=DMA1_Channel1
Dma.ADC1.0.MemDataAlignment=DMA_MDATAALIGN_HALFWORD
Dma.ADC1.0.MemInc=DMA_MINC_ENABLE
Dma.ADC1.0.Mode=DMA_NORMAL
Dma.ADC1.0.PeriphDataAlignment=DMA_PDATAALIGN_HALFWORD
Dma.ADC1.0.PeriphInc=DMA_PINC_DISABLE
Dma.ADC1.0.Priority=DMA_PRIORITY_VERY_HIGH
Dma.ADC1.0.RequestParameters=Instance,Direction,PeriphInc,MemInc,PeriphDataAlignment,MemDataAlignment,Mode,Priority
Dma.Request0=ADC1
Dma.RequestsNb=1
File.Version=6
KeepUserPlacement=false
Mcu.Family=STM32F1
Mcu.IP0=ADC1
Mcu.IP1=DMA
Mcu.IP2=NVIC
Mcu.IP3=RCC
Mcu.IP4=SYS
Mcu.IP5=TIM1
Mcu.IP6=TIM2
Mcu.IP7=TIM3
Mcu.IP8=TIM4
Mcu.IPNb=9
Mcu.Name=STM32F103C(8-B)Tx
Mcu.Package=LQFP48
Mcu.Pin0=PD0-OSC_IN
Mcu.Pin1=PD1-OSC_OUT
Mcu.Pin10=PA13
Mcu.Pin11=PA14
Mcu.Pin12=PB8
Mcu.Pin13=PB9
Mcu.Pin14=VP_SYS_VS_Systick
Mcu.Pin15=VP_TIM1_VS_ClockSourceINT
Mcu.Pin16=VP_TIM2_VS_ControllerModeReset
Mcu.Pin17=VP_TIM2_VS_ClockSourceINT
Mcu.Pin18=VP_TIM2_VS_ClockSourceITR
Mcu.Pin19=VP_TIM2_VS_no_output2
Mcu.Pin2=PA0-WKUP
Mcu.Pin20=VP_TIM3_VS_ClockSourceINT
Mcu.Pin21=VP_TIM3_VS_no_output1
Mcu.Pin22=VP_TIM3_VS_no_output2
Mcu.Pin23=VP_TIM4_VS_ClockSourceINT
Mcu.Pin3=PB0
Mcu.Pin4=PB1
Mcu.Pin5=PB12
Mcu.Pin6=PB13
Mcu.Pin7=PB14
Mcu.Pin8=PA8
Mcu.Pin9=PA9
Mcu.PinsNb=24
Mcu.ThirdPartyNb=0
Mcu.UserConstants=MCU_CLOCK_FREQ,72000000;DEFAULT_PWM_FREQ,20000;SAMPLES_OVER_PERIOD,8;DEFAULT_LINE_FREQ,50;TIM1_CLOCK_FREQ,MCU_CLOCK_FREQ;TIM1_RELOAD_VALUE,((TIM1_CLOCK_FREQ/DEFAULT_PWM_FREQ)-1);TIM1_PULSE_VALUE,(TIM1_RELOAD_VALUE/2);TIM2_CLOCK_FREQ,MCU_CLOCK_FREQ;TIM2_PRESCALER,0;TIM2_DEFAULT_RELOAD_VALUE,(TIM2_CLOCK_FREQ/(DEFAULT_PWM_FREQ*SAMPLES_OVER_PERIOD));TIM3_CLOCK_FREQ,MCU_CLOCK_FREQ;TIM3_PRESCALER,71;TIM2_OC2_DEFAULT_PULSE_VALUE,(TIM2_DEFAULT_RELOAD_VALUE/2);DEFAULT_SAMPLING_FREQ,(DEFAULT_PWM_FREQ*SAMPLES_OVER_PERIOD);TIM3_RELOAD_VALUE,0xFFFF
Mcu.UserName=STM32F103C8Tx
MxCube.Version=5.1.0
MxDb.Version=DB.5.0.10
NVIC.BusFault_IRQn=true\:0\:0\:false\:false\:true\:false\:false
NVIC.DMA1_Channel1_IRQn=true\:3\:0\:true\:false\:true\:false\:true
NVIC.DebugMonitor_IRQn=true\:0\:0\:false\:false\:true\:false\:false
NVIC.HardFault_IRQn=true\:0\:0\:false\:false\:true\:false\:false
NVIC.MemoryManagement_IRQn=true\:0\:0\:false\:false\:true\:false\:false
NVIC.NonMaskableInt_IRQn=true\:0\:0\:false\:false\:true\:false\:false
NVIC.PendSV_IRQn=true\:0\:0\:false\:false\:true\:false\:false
NVIC.PriorityGroup=NVIC_PRIORITYGROUP_4
NVIC.SVCall_IRQn=true\:0\:0\:false\:false\:true\:false\:false
NVIC.SysTick_IRQn=true\:0\:0\:false\:false\:true\:false\:true
NVIC.TIM1_BRK_IRQn=true\:2\:0\:true\:false\:true\:true\:true
NVIC.TIM1_UP_IRQn=true\:0\:0\:false\:false\:true\:true\:true
NVIC.TIM3_IRQn=true\:1\:0\:true\:false\:true\:true\:true
NVIC.UsageFault_IRQn=true\:0\:0\:false\:false\:true\:false\:false
PA0-WKUP.GPIOParameters=GPIO_Label
PA0-WKUP.GPIO_Label=CURRENT_SENS
PA0-WKUP.Locked=true
PA0-WKUP.Signal=ADCx_IN0
PA13.Mode=Serial_Wire
PA13.Signal=SYS_JTMS-SWDIO
PA14.Mode=Serial_Wire
PA14.Signal=SYS_JTCK-SWCLK
PA8.GPIOParameters=GPIO_Speed,GPIO_Label
PA8.GPIO_Label=HBRIDGE_A_HSIDE
PA8.GPIO_Speed=GPIO_SPEED_FREQ_MEDIUM
PA8.Signal=S_TIM1_CH1
PA9.GPIOParameters=GPIO_Speed,GPIO_Label
PA9.GPIO_Label=HBRIDGE_B_LSIDE
PA9.GPIO_Speed=GPIO_SPEED_FREQ_MEDIUM
PA9.Signal=S_TIM1_CH2
PB0.GPIOParameters=GPIO_Label
PB0.GPIO_Label=ZERO_CROSSING_FALLING_DETECT
PB0.Locked=true
PB0.Signal=S_TIM3_CH3
PB1.GPIOParameters=GPIO_Label
PB1.GPIO_Label=ZERO_CROSSING_RISING_DETECT
PB1.Locked=true
PB1.Signal=S_TIM3_CH4
PB12.GPIOParameters=GPIO_Label
PB12.GPIO_Label=OVERCURRENT_SENS
PB12.Mode=Activate-Break-Input
PB12.Signal=TIM1_BKIN
PB13.GPIOParameters=GPIO_Speed,GPIO_Label
PB13.GPIO_Label=HBRIDGE_A_LSIDE
PB13.GPIO_Speed=GPIO_SPEED_FREQ_MEDIUM
PB13.Mode=PWM Generation1 CH1 CH1N
PB13.Signal=TIM1_CH1N
PB14.GPIOParameters=GPIO_Speed,GPIO_Label
PB14.GPIO_Label=HBRIDGE_B_HSIDE
PB14.GPIO_Speed=GPIO_SPEED_FREQ_MEDIUM
PB14.Mode=PWM Generation2 CH2 CH2N
PB14.Signal=TIM1_CH2N
PB8.GPIOParameters=GPIO_Label
PB8.GPIO_Label=THYRISTOR1_DRIVE
PB8.Locked=true
PB8.Signal=GPIO_Output
PB9.GPIOParameters=GPIO_Label
PB9.GPIO_Label=THYRISTOR0_DRIVE
PB9.Locked=true
PB9.Signal=GPIO_Output
PCC.Checker=false
PCC.Line=STM32F103
PCC.MCU=STM32F103C(8-B)Tx
PCC.PartNumber=STM32F103C8Tx
PCC.Seq0=0
PCC.Series=STM32F1
PCC.Temperature=25
PCC.Vdd=3.3
PD0-OSC_IN.Mode=HSE-External-Oscillator
PD0-OSC_IN.Signal=RCC_OSC_IN
PD1-OSC_OUT.Mode=HSE-External-Oscillator
PD1-OSC_OUT.Signal=RCC_OSC_OUT
PinOutPanel.RotationAngle=0
ProjectManager.AskForMigrate=true
ProjectManager.BackupPrevious=false
ProjectManager.CompilerOptimize=6
ProjectManager.ComputerToolchain=false
ProjectManager.CoupleFile=false
ProjectManager.CustomerFirmwarePackage=
ProjectManager.DefaultFWLocation=true
ProjectManager.DeletePrevious=true
ProjectManager.DeviceId=STM32F103C8Tx
ProjectManager.FirmwarePackage=STM32Cube FW_F1 V1.7.0
ProjectManager.FreePins=false
ProjectManager.HalAssertFull=false
ProjectManager.HeapSize=0x200
ProjectManager.KeepUserCode=true
ProjectManager.LastFirmware=true
ProjectManager.LibraryCopy=0
ProjectManager.MainLocation=Src
ProjectManager.NoMain=false
ProjectManager.PreviousToolchain=
ProjectManager.ProjectBuild=false
ProjectManager.ProjectFileName=Firmware.ioc
ProjectManager.ProjectName=Firmware
ProjectManager.StackSize=0x400
ProjectManager.TargetToolchain=Makefile
ProjectManager.ToolChainLocation=
ProjectManager.UnderRoot=false
ProjectManager.functionlistsort=1-MX_GPIO_Init-GPIO-false-HAL-true,2-MX_DMA_Init-DMA-false-HAL-true,3-MX_TIM1_Init-TIM1-false-HAL-true,4-MX_TIM3_Init-TIM3-false-HAL-true,5-MX_ADC1_Init-ADC1-false-HAL-true,6-MX_TIM2_Init-TIM2-false-HAL-true,7-SystemClock_Config-RCC-false-HAL-false,8-MX_TIM4_Init-TIM4-false-HAL-true
RCC.ADCFreqValue=12000000
RCC.ADCPresc=RCC_ADCPCLK2_DIV6
RCC.AHBFreq_Value=72000000
RCC.APB1CLKDivider=RCC_HCLK_DIV2
RCC.APB1Freq_Value=36000000
RCC.APB1TimFreq_Value=72000000
RCC.APB2Freq_Value=72000000
RCC.APB2TimFreq_Value=72000000
RCC.FCLKCortexFreq_Value=72000000
RCC.FamilyName=M
RCC.HCLKFreq_Value=72000000
RCC.IPParameters=ADCFreqValue,ADCPresc,AHBFreq_Value,APB1CLKDivider,APB1Freq_Value,APB1TimFreq_Value,APB2Freq_Value,APB2TimFreq_Value,FCLKCortexFreq_Value,FamilyName,HCLKFreq_Value,MCOFreq_Value,PLLCLKFreq_Value,PLLMCOFreq_Value,PLLMUL,PLLSourceVirtual,SYSCLKFreq_VALUE,SYSCLKSource,TimSysFreq_Value,USBFreq_Value,VCOOutput2Freq_Value
RCC.MCOFreq_Value=72000000
RCC.PLLCLKFreq_Value=72000000
RCC.PLLMCOFreq_Value=36000000
RCC.PLLMUL=RCC_PLL_MUL9
RCC.PLLSourceVirtual=RCC_PLLSOURCE_HSE
RCC.SYSCLKFreq_VALUE=72000000
RCC.SYSCLKSource=RCC_SYSCLKSOURCE_PLLCLK
RCC.TimSysFreq_Value=72000000
RCC.USBFreq_Value=72000000
RCC.VCOOutput2Freq_Value=8000000
SH.ADCx_IN0.0=ADC1_IN0,IN0
SH.ADCx_IN0.ConfNb=1
SH.S_TIM1_CH1.0=TIM1_CH1,PWM Generation1 CH1 CH1N
SH.S_TIM1_CH1.ConfNb=1
SH.S_TIM1_CH2.0=TIM1_CH2,PWM Generation2 CH2 CH2N
SH.S_TIM1_CH2.ConfNb=1
SH.S_TIM3_CH3.0=TIM3_CH3,Input_Capture3_from_TI3
SH.S_TIM3_CH3.ConfNb=1
SH.S_TIM3_CH4.0=TIM3_CH4,Input_Capture4_from_TI4
SH.S_TIM3_CH4.ConfNb=1
TIM1.AutoReloadPreload=TIM_AUTORELOAD_PRELOAD_DISABLE
TIM1.AutomaticOutput=TIM_AUTOMATICOUTPUT_ENABLE
TIM1.BreakPolarity=TIM_BREAKPOLARITY_LOW
TIM1.BreakState=TIM_BREAK_ENABLE
TIM1.Channel-PWM\ Generation1\ CH1\ CH1N=TIM_CHANNEL_1
TIM1.Channel-PWM\ Generation2\ CH2\ CH2N=TIM_CHANNEL_2
TIM1.DeadTime=144
TIM1.IPParameters=DeadTime,OCNPolarity_1,OCNIdleState_1,Period,AutoReloadPreload,OCPolarity_1,Channel-PWM Generation1 CH1 CH1N,Channel-PWM Generation2 CH2 CH2N,OCMode_PWM-PWM Generation1 CH1 CH1N,OCMode_PWM-PWM Generation2 CH2 CH2N,OCPolarity_2,OCNPolarity_2,AutomaticOutput,OffStateRunMode,BreakState,BreakPolarity,TIM_MasterOutputTrigger
TIM1.OCMode_PWM-PWM\ Generation1\ CH1\ CH1N=TIM_OCMODE_PWM2
TIM1.OCMode_PWM-PWM\ Generation2\ CH2\ CH2N=TIM_OCMODE_PWM2
TIM1.OCNIdleState_1=TIM_OCNIDLESTATE_RESET
TIM1.OCNPolarity_1=TIM_OCNPOLARITY_HIGH
TIM1.OCNPolarity_2=TIM_OCNPOLARITY_HIGH
TIM1.OCPolarity_1=TIM_OCPOLARITY_HIGH
TIM1.OCPolarity_2=TIM_OCPOLARITY_HIGH
TIM1.OffStateRunMode=TIM_OSSR_DISABLE
TIM1.Period=TIM1_RELOAD_VALUE
TIM1.TIM_MasterOutputTrigger=TIM_TRGO_UPDATE
TIM2.Channel-PWM\ Generation2\ No\ Output=TIM_CHANNEL_2
TIM2.IPParameters=TIM_MasterOutputTrigger,Channel-PWM Generation2 No Output,OCMode_PWM-PWM Generation2 No Output,Period,Pulse-PWM Generation2 No Output,TIM_MasterSlaveMode
TIM2.OCMode_PWM-PWM\ Generation2\ No\ Output=TIM_OCMODE_PWM2
TIM2.Period=TIM2_DEFAULT_RELOAD_VALUE
TIM2.Pulse-PWM\ Generation2\ No\ Output=TIM2_OC2_DEFAULT_PULSE_VALUE
TIM2.TIM_MasterOutputTrigger=TIM_TRGO_OC2REF
TIM2.TIM_MasterSlaveMode=TIM_MASTERSLAVEMODE_DISABLE
TIM3.AutoReloadPreload=TIM_AUTORELOAD_PRELOAD_DISABLE
TIM3.Channel-Input_Capture3_from_TI3=TIM_CHANNEL_3
TIM3.Channel-Input_Capture4_from_TI4=TIM_CHANNEL_4
TIM3.Channel-Output\ Compare1\ No\ Output=TIM_CHANNEL_1
TIM3.Channel-Output\ Compare2\ No\ Output=TIM_CHANNEL_2
TIM3.ICFilter_CH3=15
TIM3.ICFilter_CH4=15
TIM3.ICPolarity_CH3=TIM_INPUTCHANNELPOLARITY_FALLING
TIM3.ICPolarity_CH4=TIM_INPUTCHANNELPOLARITY_RISING
TIM3.IPParameters=Channel-Input_Capture3_from_TI3,AutoReloadPreload,Period,ICFilter_CH3,Channel-Input_Capture4_from_TI4,ICFilter_CH4,ICPolarity_CH4,Prescaler,Channel-Output Compare1 No Output,Channel-Output Compare2 No Output,ICPolarity_CH3
TIM3.Period=0xFFFF
TIM3.Prescaler=TIM3_PRESCALER
VP_SYS_VS_Systick.Mode=SysTick
VP_SYS_VS_Systick.Signal=SYS_VS_Systick
VP_TIM1_VS_ClockSourceINT.Mode=Internal
VP_TIM1_VS_ClockSourceINT.Signal=TIM1_VS_ClockSourceINT
VP_TIM2_VS_ClockSourceINT.Mode=Internal
VP_TIM2_VS_ClockSourceINT.Signal=TIM2_VS_ClockSourceINT
VP_TIM2_VS_ClockSourceITR.Mode=TriggerSource_ITR0
VP_TIM2_VS_ClockSourceITR.Signal=TIM2_VS_ClockSourceITR
VP_TIM2_VS_ControllerModeReset.Mode=Reset Mode
VP_TIM2_VS_ControllerModeReset.Signal=TIM2_VS_ControllerModeReset
VP_TIM2_VS_no_output2.Mode=PWM Generation2 No Output
VP_TIM2_VS_no_output2.Signal=TIM2_VS_no_output2
VP_TIM3_VS_ClockSourceINT.Mode=Internal
VP_TIM3_VS_ClockSourceINT.Signal=TIM3_VS_ClockSourceINT
VP_TIM3_VS_no_output1.Mode=Output Compare1 No Output
VP_TIM3_VS_no_output1.Signal=TIM3_VS_no_output1
VP_TIM3_VS_no_output2.Mode=Output Compare2 No Output
VP_TIM3_VS_no_output2.Signal=TIM3_VS_no_output2
VP_TIM4_VS_ClockSourceINT.Mode=Internal
VP_TIM4_VS_ClockSourceINT.Signal=TIM4_VS_ClockSourceINT
board=custom
